
Microsoft Visual Studio Solution File, Format Version 12.00
# Visual Studio 14
VisualStudioVersion = 14.0.25420.1
MinimumVisualStudioVersion = 10.0.40219.1
Project("{FAE04EC0-301F-11D3-BF4B-00C04F79EFBC}") = "CDKEYS.INI GENERATOR", "WindowsFormsApplication2\CDKEYS.INI GENERATOR.csproj", "{B8FD8CD7-A76C-4FFE-99F7-F0F93E327012}"
EndProject
Global
	GlobalSection(SolutionConfigurationPlatforms) = preSolution
		Debug|Any CPU = Debug|Any CPU
		Release|Any CPU = Release|Any CPU
	EndGlobalSection
	GlobalSection(ProjectConfigurationPlatforms) = postSolution
		{B8FD8CD7-A76C-4FFE-99F7-F0F93E327012}.Debug|Any CPU.ActiveCfg = Debug|Any CPU
		{B8FD8CD7-A76C-4FFE-99F7-F0F93E327012}.Debug|Any CPU.Build.0 = Debug|Any CPU
		{B8FD8CD7-A76C-4FFE-99F7-F0F93E327012}.Release|Any CPU.ActiveCfg = Release|Any CPU
		{B8FD8CD7-A76C-4FFE-99F7-F0F93E327012}.Release|Any CPU.Build.0 = Release|Any CPU
	EndGlobalSection
	GlobalSection(SolutionProperties) = preSolution
		HideSolutionNode = FALSE
	EndGlobalSection
EndGlobal
